// !$*UTF8*$!
{
	archiveVersion = 1;
	classes = {
	};
	objectVersion = 51;
	objects = {

/* Begin PBXBuildFile section */
		77138A2846D1D8CAEAE7609D /* Pods_MVVMRxSwift.framework in Frameworks */ = {isa = PBXBuildFile; fileRef = 3E81EA7367A0173696DE6F34 /* Pods_MVVMRxSwift.framework */; };
		A14534FE25EB11C6001A311D /* AppDelegate.swift in Sources */ = {isa = PBXBuildFile; fileRef = A14534FD25EB11C6001A311D /* AppDelegate.swift */; };
		A145350025EB11C6001A311D /* SceneDelegate.swift in Sources */ = {isa = PBXBuildFile; fileRef = A14534FF25EB11C6001A311D /* SceneDelegate.swift */; };
		A145350225EB11C6001A311D /* ViewController.swift in Sources */ = {isa = PBXBuildFile; fileRef = A145350125EB11C6001A311D /* ViewController.swift */; };
		A145350525EB11C6001A311D /* Main.storyboard in Resources */ = {isa = PBXBuildFile; fileRef = A145350325EB11C6001A311D /* Main.storyboard */; };
		A145350725EB11C6001A311D /* Assets.xcassets in Resources */ = {isa = PBXBuildFile; fileRef = A145350625EB11C6001A311D /* Assets.xcassets */; };
		A145350A25EB11C6001A311D /* LaunchScreen.storyboard in Resources */ = {isa = PBXBuildFile; fileRef = A145350825EB11C6001A311D /* LaunchScreen.storyboard */; };
		A17FF43625EB139100474CEE /* AppCoordinator.swift in Sources */ = {isa = PBXBuildFile; fileRef = A17FF43525EB139100474CEE /* AppCoordinator.swift */; };
		A17FF43925EB179500474CEE /* restaurants.json in Resources */ = {isa = PBXBuildFile; fileRef = A17FF43825EB179500474CEE /* restaurants.json */; };
		A17FF43C25EB182500474CEE /* Restaurant.swift in Sources */ = {isa = PBXBuildFile; fileRef = A17FF43B25EB182500474CEE /* Restaurant.swift */; };
		A17FF43F25EB18AC00474CEE /* RestaurantService.swift in Sources */ = {isa = PBXBuildFile; fileRef = A17FF43E25EB18AC00474CEE /* RestaurantService.swift */; };
		A17FF44325EB393500474CEE /* RestaurantsListViewModel.swift in Sources */ = {isa = PBXBuildFile; fileRef = A17FF44225EB393500474CEE /* RestaurantsListViewModel.swift */; };
		A17FF44725EB3E0100474CEE /* RestaurantViewModel.swift in Sources */ = {isa = PBXBuildFile; fileRef = A17FF44625EB3E0100474CEE /* RestaurantViewModel.swift */; };
/* End PBXBuildFile section */

/* Begin PBXFileReference section */
		326C99BF42123F00E240C620 /* Pods-MVVMRxSwift.debug.xcconfig */ = {isa = PBXFileReference; includeInIndex = 1; lastKnownFileType = text.xcconfig; name = "Pods-MVVMRxSwift.debug.xcconfig"; path = "Target Support Files/Pods-MVVMRxSwift/Pods-MVVMRxSwift.debug.xcconfig"; sourceTree = "<group>"; };
		3E81EA7367A0173696DE6F34 /* Pods_MVVMRxSwift.framework */ = {isa = PBXFileReference; explicitFileType = wrapper.framework; includeInIndex = 0; path = Pods_MVVMRxSwift.framework; sourceTree = BUILT_PRODUCTS_DIR; };
		A14534FA25EB11C6001A311D /* MVVMRxSwift.app */ = {isa = PBXFileReference; explicitFileType = wrapper.application; includeInIndex = 0; path = MVVMRxSwift.app; sourceTree = BUILT_PRODUCTS_DIR; };
		A14534FD25EB11C6001A311D /* AppDelegate.swift */ = {isa = PBXFileReference; lastKnownFileType = sourcecode.swift; path = AppDelegate.swift; sourceTree = "<group>"; };
		A14534FF25EB11C6001A311D /* SceneDelegate.swift */ = {isa = PBXFileReference; lastKnownFileType = sourcecode.swift; path = SceneDelegate.swift; sourceTree = "<group>"; };
		A145350125EB11C6001A311D /* ViewController.swift */ = {isa = PBXFileReference; lastKnownFileType = sourcecode.swift; path = ViewController.swift; sourceTree = "<group>"; };
		A145350425EB11C6001A311D /* Base */ = {isa = PBXFileReference; lastKnownFileType = file.storyboard; name = Base; path = Base.lproj/Main.storyboard; sourceTree = "<group>"; };
		A145350625EB11C6001A311D /* Assets.xcassets */ = {isa = PBXFileReference; lastKnownFileType = folder.assetcatalog; path = Assets.xcassets; sourceTree = "<group>"; };
		A145350925EB11C6001A311D /* Base */ = {isa = PBXFileReference; lastKnownFileType = file.storyboard; name = Base; path = Base.lproj/LaunchScreen.storyboard; sourceTree = "<group>"; };
		A145350B25EB11C6001A311D /* Info.plist */ = {isa = PBXFileReference; lastKnownFileType = text.plist.xml; path = Info.plist; sourceTree = "<group>"; };
		A17FF43525EB139100474CEE /* AppCoordinator.swift */ = {isa = PBXFileReference; lastKnownFileType = sourcecode.swift; path = AppCoordinator.swift; sourceTree = "<group>"; };
		A17FF43825EB179500474CEE /* restaurants.json */ = {isa = PBXFileReference; lastKnownFileType = text.json; path = restaurants.json; sourceTree = "<group>"; };
		A17FF43B25EB182500474CEE /* Restaurant.swift */ = {isa = PBXFileReference; lastKnownFileType = sourcecode.swift; path = Restaurant.swift; sourceTree = "<group>"; };
		A17FF43E25EB18AC00474CEE /* RestaurantService.swift */ = {isa = PBXFileReference; lastKnownFileType = sourcecode.swift; path = RestaurantService.swift; sourceTree = "<group>"; };
		A17FF44225EB393500474CEE /* RestaurantsListViewModel.swift */ = {isa = PBXFileReference; lastKnownFileType = sourcecode.swift; path = RestaurantsListViewModel.swift; sourceTree = "<group>"; };
		A17FF44625EB3E0100474CEE /* RestaurantViewModel.swift */ = {isa = PBXFileReference; lastKnownFileType = sourcecode.swift; path = RestaurantViewModel.swift; sourceTree = "<group>"; };
		E084EF4448F49AABE2570A15 /* Pods-MVVMRxSwift.release.xcconfig */ = {isa = PBXFileReference; includeInIndex = 1; lastKnownFileType = text.xcconfig; name = "Pods-MVVMRxSwift.release.xcconfig"; path = "Target Support Files/Pods-MVVMRxSwift/Pods-MVVMRxSwift.release.xcconfig"; sourceTree = "<group>"; };
/* End PBXFileReference section */

/* Begin PBXFrameworksBuildPhase section */
		A14534F725EB11C6001A311D /* Frameworks */ = {
			isa = PBXFrameworksBuildPhase;
			buildActionMask = 2147483647;
			files = (
				77138A2846D1D8CAEAE7609D /* Pods_MVVMRxSwift.framework in Frameworks */,
			);
			runOnlyForDeploymentPostprocessing = 0;
		};
/* End PBXFrameworksBuildPhase section */

/* Begin PBXGroup section */
		304EF33A932894524C105821 /* Pods */ = {
			isa = PBXGroup;
			children = (
				326C99BF42123F00E240C620 /* Pods-MVVMRxSwift.debug.xcconfig */,
				E084EF4448F49AABE2570A15 /* Pods-MVVMRxSwift.release.xcconfig */,
			);
			path = Pods;
			sourceTree = "<group>";
		};
		7D4235C1AEC5D90541269A78 /* Frameworks */ = {
			isa = PBXGroup;
			children = (
				3E81EA7367A0173696DE6F34 /* Pods_MVVMRxSwift.framework */,
			);
			name = Frameworks;
			sourceTree = "<group>";
		};
		A14534F125EB11C6001A311D = {
			isa = PBXGroup;
			children = (
				A14534FC25EB11C6001A311D /* MVVMRxSwift */,
				A14534FB25EB11C6001A311D /* Products */,
				304EF33A932894524C105821 /* Pods */,
				7D4235C1AEC5D90541269A78 /* Frameworks */,
			);
			sourceTree = "<group>";
		};
		A14534FB25EB11C6001A311D /* Products */ = {
			isa = PBXGroup;
			children = (
				A14534FA25EB11C6001A311D /* MVVMRxSwift.app */,
			);
			name = Products;
			sourceTree = "<group>";
		};
		A14534FC25EB11C6001A311D /* MVVMRxSwift */ = {
			isa = PBXGroup;
			children = (
				A14534FD25EB11C6001A311D /* AppDelegate.swift */,
				A14534FF25EB11C6001A311D /* SceneDelegate.swift */,
				A17FF43525EB139100474CEE /* AppCoordinator.swift */,
				A145350325EB11C6001A311D /* Main.storyboard */,
				A145350625EB11C6001A311D /* Assets.xcassets */,
				A145350825EB11C6001A311D /* LaunchScreen.storyboard */,
				A145350B25EB11C6001A311D /* Info.plist */,
				A145350125EB11C6001A311D /* ViewController.swift */,
				A17FF44225EB393500474CEE /* RestaurantsListViewModel.swift */,
				A17FF43E25EB18AC00474CEE /* RestaurantService.swift */,
				A17FF44625EB3E0100474CEE /* RestaurantViewModel.swift */,
				A17FF43B25EB182500474CEE /* Restaurant.swift */,
				A17FF43825EB179500474CEE /* restaurants.json */,
			);
			path = MVVMRxSwift;
			sourceTree = "<group>";
		};
/* End PBXGroup section */

/* Begin PBXNativeTarget section */
		A14534F925EB11C6001A311D /* MVVMRxSwift */ = {
			isa = PBXNativeTarget;
			buildConfigurationList = A145350E25EB11C6001A311D /* Build configuration list for PBXNativeTarget "MVVMRxSwift" */;
			buildPhases = (
				860E02B5B7F19CD365C5B3FD /* [CP] Check Pods Manifest.lock */,
				A14534F625EB11C6001A311D /* Sources */,
				A14534F725EB11C6001A311D /* Frameworks */,
				A14534F825EB11C6001A311D /* Resources */,
				CD178CE38F99FD9DC22E374E /* [CP] Embed Pods Frameworks */,
			);
			buildRules = (
			);
			dependencies = (
			);
			name = MVVMRxSwift;
			productName = MVVMRxSwift;
			productReference = A14534FA25EB11C6001A311D /* MVVMRxSwift.app */;
			productType = "com.apple.product-type.application";
		};
/* End PBXNativeTarget section */

/* Begin PBXProject section */
		A14534F225EB11C6001A311D /* Project object */ = {
			isa = PBXProject;
			attributes = {
				LastSwiftUpdateCheck = 1240;
				LastUpgradeCheck = 1240;
				TargetAttributes = {
					A14534F925EB11C6001A311D = {
						CreatedOnToolsVersion = 12.4;
					};
				};
			};
			buildConfigurationList = A14534F525EB11C6001A311D /* Build configuration list for PBXProject "MVVMRxSwift" */;
			compatibilityVersion = "Xcode 9.3";
			developmentRegion = en;
			hasScannedForEncodings = 0;
			knownRegions = (
				en,
				Base,
			);
			mainGroup = A14534F125EB11C6001A311D;
			productRefGroup = A14534FB25EB11C6001A311D /* Products */;
			projectDirPath = "";
			projectRoot = "";
			targets = (
				A14534F925EB11C6001A311D /* MVVMRxSwift */,
			);
		};
/* End PBXProject section */

/* Begin PBXResourcesBuildPhase section */
		A14534F825EB11C6001A311D /* Resources */ = {
			isa = PBXResourcesBuildPhase;
			buildActionMask = 2147483647;
			files = (
				A17FF43925EB179500474CEE /* restaurants.json in Resources */,
				A145350A25EB11C6001A311D /* LaunchScreen.storyboard in Resources */,
				A145350725EB11C6001A311D /* Assets.xcassets in Resources */,
				A145350525EB11C6001A311D /* Main.storyboard in Resources */,
			);
			runOnlyForDeploymentPostprocessing = 0;
		};
/* End PBXResourcesBuildPhase section */

/* Begin PBXShellScriptBuildPhase section */
		860E02B5B7F19CD365C5B3FD /* [CP] Check Pods Manifest.lock */ = {
			isa = PBXShellScriptBuildPhase;
			buildActionMask = 2147483647;
			files = (
			);
			inputFileListPaths = (
			);
			inputPaths = (
				"${PODS_PODFILE_DIR_PATH}/Podfile.lock",
				"${PODS_ROOT}/Manifest.lock",
			);
			name = "[CP] Check Pods Manifest.lock";
			outputFileListPaths = (
			);
			outputPaths = (
				"$(DERIVED_FILE_DIR)/Pods-MVVMRxSwift-checkManifestLockResult.txt",
			);
			runOnlyForDeploymentPostprocessing = 0;
			shellPath = /bin/sh;
			shellScript = "diff \"${PODS_PODFILE_DIR_PATH}/Podfile.lock\" \"${PODS_ROOT}/Manifest.lock\" > /dev/null\nif [ $? != 0 ] ; then\n    # print error to STDERR\n    echo \"error: The sandbox is not in sync with the Podfile.lock. Run 'pod install' or update your CocoaPods installation.\" >&2\n    exit 1\nfi\n# This output is used by Xcode 'outputs' to avoid re-running this script phase.\necho \"SUCCESS\" > \"${SCRIPT_OUTPUT_FILE_0}\"\n";
			showEnvVarsInLog = 0;
		};
		CD178CE38F99FD9DC22E374E /* [CP] Embed Pods Frameworks */ = {
			isa = PBXShellScriptBuildPhase;
			buildActionMask = 2147483647;
			files = (
			);
			inputFileListPaths = (
				"${PODS_ROOT}/Target Support Files/Pods-MVVMRxSwift/Pods-MVVMRxSwift-frameworks-${CONFIGURATION}-input-files.xcfilelist",
			);
			name = "[CP] Embed Pods Frameworks";
			outputFileListPaths = (
				"${PODS_ROOT}/Target Support Files/Pods-MVVMRxSwift/Pods-MVVMRxSwift-frameworks-${CONFIGURATION}-output-files.xcfilelist",
			);
			runOnlyForDeploymentPostprocessing = 0;
			shellPath = /bin/sh;
			shellScript = "\"${PODS_ROOT}/Target Support Files/Pods-MVVMRxSwift/Pods-MVVMRxSwift-frameworks.sh\"\n";
			showEnvVarsInLog = 0;
		};
/* End PBXShellScriptBuildPhase section */

/* Begin PBXSourcesBuildPhase section */
		A14534F625EB11C6001A311D /* Sources */ = {
			isa = PBXSourcesBuildPhase;
			buildActionMask = 2147483647;
			files = (
				A17FF43C25EB182500474CEE /* Restaurant.swift in Sources */,
				A17FF44725EB3E0100474CEE /* RestaurantViewModel.swift in Sources */,
				A17FF43625EB139100474CEE /* AppCoordinator.swift in Sources */,
				A145350225EB11C6001A311D /* ViewController.swift in Sources */,
				A14534FE25EB11C6001A311D /* AppDelegate.swift in Sources */,
				A17FF43F25EB18AC00474CEE /* RestaurantService.swift in Sources */,
				A17FF44325EB393500474CEE /* RestaurantsListViewModel.swift in Sources */,
				A145350025EB11C6001A311D /* SceneDelegate.swift in Sources */,
			);
			runOnlyForDeploymentPostprocessing = 0;
		};
/* End PBXSourcesBuildPhase section */

/* Begin PBXVariantGroup section */
		A145350325EB11C6001A311D /* Main.storyboard */ = {
			isa = PBXVariantGroup;
			children = (
				A145350425EB11C6001A311D /* Base */,
			);
			name = Main.storyboard;
			sourceTree = "<group>";
		};
		A145350825EB11C6001A311D /* LaunchScreen.storyboard */ = {
			isa = PBXVariantGroup;
			children = (
				A145350925EB11C6001A311D /* Base */,
			);
			name = LaunchScreen.storyboard;
			sourceTree = "<group>";
		};
/* End PBXVariantGroup section */

/* Begin XCBuildConfiguration section */
		A145350C25EB11C6001A311D /* Debug */ = {
			isa = XCBuildConfiguration;
			buildSettings = {
				ALWAYS_SEARCH_USER_PATHS = NO;
				CLANG_ANALYZER_NONNULL = YES;
				CLANG_ANALYZER_NUMBER_OBJECT_CONVERSION = YES_AGGRESSIVE;
				CLANG_CXX_LANGUAGE_STANDARD = "gnu++14";
				CLANG_CXX_LIBRARY = "libc++";
				CLANG_ENABLE_MODULES = YES;
				CLANG_ENABLE_OBJC_ARC = YES;
				CLANG_ENABLE_OBJC_WEAK = YES;
				CLANG_WARN_BLOCK_CAPTURE_AUTORELEASING = YES;
				CLANG_WARN_BOOL_CONVERSION = YES;
				CLANG_WARN_COMMA = YES;
				CLANG_WARN_CONSTANT_CONVERSION = YES;
				CLANG_WARN_DEPRECATED_OBJC_IMPLEMENTATIONS = YES;
				CLANG_WARN_DIRECT_OBJC_ISA_USAGE = YES_ERROR;
				CLANG_WARN_DOCUMENTATION_COMMENTS = YES;
				CLANG_WARN_EMPTY_BODY = YES;
				CLANG_WARN_ENUM_CONVERSION = YES;
				CLANG_WARN_INFINITE_RECURSION = YES;
				CLANG_WARN_INT_CONVERSION = YES;
				CLANG_WARN_NON_LITERAL_NULL_CONVERSION = YES;
				CLANG_WARN_OBJC_IMPLICIT_RETAIN_SELF = YES;
				CLANG_WARN_OBJC_LITERAL_CONVERSION = YES;
				CLANG_WARN_OBJC_ROOT_CLASS = YES_ERROR;
				CLANG_WARN_QUOTED_INCLUDE_IN_FRAMEWORK_HEADER = YES;
				CLANG_WARN_RANGE_LOOP_ANALYSIS = YES;
				CLANG_WARN_STRICT_PROTOTYPES = YES;
				CLANG_WARN_SUSPICIOUS_MOVE = YES;
				CLANG_WARN_UNGUARDED_AVAILABILITY = YES_AGGRESSIVE;
				CLANG_WARN_UNREACHABLE_CODE = YES;
				CLANG_WARN__DUPLICATE_METHOD_MATCH = YES;
				COPY_PHASE_STRIP = NO;
				DEBUG_INFORMATION_FORMAT = dwarf;
				ENABLE_STRICT_OBJC_MSGSEND = YES;
				ENABLE_TESTABILITY = YES;
				GCC_C_LANGUAGE_STANDARD = gnu11;
				GCC_DYNAMIC_NO_PIC = NO;
				GCC_NO_COMMON_BLOCKS = YES;
				GCC_OPTIMIZATION_LEVEL = 0;
				GCC_PREPROCESSOR_DEFINITIONS = (
					"DEBUG=1",
					"$(inherited)",
				);
				GCC_WARN_64_TO_32_BIT_CONVERSION = YES;
				GCC_WARN_ABOUT_RETURN_TYPE = YES_ERROR;
				GCC_WARN_UNDECLARED_SELECTOR = YES;
				GCC_WARN_UNINITIALIZED_AUTOS = YES_AGGRESSIVE;
				GCC_WARN_UNUSED_FUNCTION = YES;
				GCC_WARN_UNUSED_VARIABLE = YES;
				IPHONEOS_DEPLOYMENT_TARGET = 14.4;
				MTL_ENABLE_DEBUG_INFO = INCLUDE_SOURCE;
				MTL_FAST_MATH = YES;
				ONLY_ACTIVE_ARCH = YES;
				SDKROOT = iphoneos;
				SWIFT_ACTIVE_COMPILATION_CONDITIONS = DEBUG;
				SWIFT_OPTIMIZATION_LEVEL = "-Onone";
			};
			name = Debug;
		};
		A145350D25EB11C6001A311D /* Release */ = {
			isa = XCBuildConfiguration;
			buildSettings = {
				ALWAYS_SEARCH_USER_PATHS = NO;
				CLANG_ANALYZER_NONNULL = YES;
				CLANG_ANALYZER_NUMBER_OBJECT_CONVERSION = YES_AGGRESSIVE;
				CLANG_CXX_LANGUAGE_STANDARD = "gnu++14";
				CLANG_CXX_LIBRARY = "libc++";
				CLANG_ENABLE_MODULES = YES;
				CLANG_ENABLE_OBJC_ARC = YES;
				CLANG_ENABLE_OBJC_WEAK = YES;
				CLANG_WARN_BLOCK_CAPTURE_AUTORELEASING = YES;
				CLANG_WARN_BOOL_CONVERSION = YES;
				CLANG_WARN_COMMA = YES;
				CLANG_WARN_CONSTANT_CONVERSION = YES;
				CLANG_WARN_DEPRECATED_OBJC_IMPLEMENTATIONS = YES;
				CLANG_WARN_DIRECT_OBJC_ISA_USAGE = YES_ERROR;
				CLANG_WARN_DOCUMENTATION_COMMENTS = YES;
				CLANG_WARN_EMPTY_BODY = YES;
				CLANG_WARN_ENUM_CONVERSION = YES;
				CLANG_WARN_INFINITE_RECURSION = YES;
				CLANG_WARN_INT_CONVERSION = YES;
				CLANG_WARN_NON_LITERAL_NULL_CONVERSION = YES;
				CLANG_WARN_OBJC_IMPLICIT_RETAIN_SELF = YES;
				CLANG_WARN_OBJC_LITERAL_CONVERSION = YES;
				CLANG_WARN_OBJC_ROOT_CLASS = YES_ERROR;
				CLANG_WARN_QUOTED_INCLUDE_IN_FRAMEWORK_HEADER = YES;
				CLANG_WARN_RANGE_LOOP_ANALYSIS = YES;
				CLANG_WARN_STRICT_PROTOTYPES = YES;
				CLANG_WARN_SUSPICIOUS_MOVE = YES;
				CLANG_WARN_UNGUARDED_AVAILABILITY = YES_AGGRESSIVE;
				CLANG_WARN_UNREACHABLE_CODE = YES;
				CLANG_WARN__DUPLICATE_METHOD_MATCH = YES;
				COPY_PHASE_STRIP = NO;
				DEBUG_INFORMATION_FORMAT = "dwarf-with-dsym";
				ENABLE_NS_ASSERTIONS = NO;
				ENABLE_STRICT_OBJC_MSGSEND = YES;
				GCC_C_LANGUAGE_STANDARD = gnu11;
				GCC_NO_COMMON_BLOCKS = YES;
				GCC_WARN_64_TO_32_BIT_CONVERSION = YES;
				GCC_WARN_ABOUT_RETURN_TYPE = YES_ERROR;
				GCC_WARN_UNDECLARED_SELECTOR = YES;
				GCC_WARN_UNINITIALIZED_AUTOS = YES_AGGRESSIVE;
				GCC_WARN_UNUSED_FUNCTION = YES;
				GCC_WARN_UNUSED_VARIABLE = YES;
				IPHONEOS_DEPLOYMENT_TARGET = 14.4;
				MTL_ENABLE_DEBUG_INFO = NO;
				MTL_FAST_MATH = YES;
				SDKROOT = iphoneos;
				SWIFT_COMPILATION_MODE = wholemodule;
				SWIFT_OPTIMIZATION_LEVEL = "-O";
				VALIDATE_PRODUCT = YES;
			};
			name = Release;
		};
		A145350F25EB11C6001A311D /* Debug */ = {
			isa = XCBuildConfiguration;
			baseConfigurationReference = 326C99BF42123F00E240C620 /* Pods-MVVMRxSwift.debug.xcconfig */;
			buildSettings = {
				ASSETCATALOG_COMPILER_APPICON_NAME = AppIcon;
				ASSETCATALOG_COMPILER_GLOBAL_ACCENT_COLOR_NAME = AccentColor;
				CODE_SIGN_STYLE = Automatic;
				DEVELOPMENT_TEAM = 8N2TVY9NM7;
				INFOPLIST_FILE = MVVMRxSwift/Info.plist;
				LD_RUNPATH_SEARCH_PATHS = (
					"$(inherited)",
					"@executable_path/Frameworks",
				);
				PRODUCT_BUNDLE_IDENTIFIER = com.marlhex.MVVMRxSwift;
				PRODUCT_NAME = "$(TARGET_NAME)";
				SWIFT_VERSION = 5.0;
				TARGETED_DEVICE_FAMILY = "1,2";
			};
			name = Debug;
		};
		A145351025EB11C6001A311D /* Release */ = {
			isa = XCBuildConfiguration;
			baseConfigurationReference = E084EF4448F49AABE2570A15 /* Pods-MVVMRxSwift.release.xcconfig */;
			buildSettings = {
				ASSETCATALOG_COMPILER_APPICON_NAME = AppIcon;
				ASSETCATALOG_COMPILER_GLOBAL_ACCENT_COLOR_NAME = AccentColor;
				CODE_SIGN_STYLE = Automatic;
				DEVELOPMENT_TEAM = 8N2TVY9NM7;
				INFOPLIST_FILE = MVVMRxSwift/Info.plist;
				LD_RUNPATH_SEARCH_PATHS = (
					"$(inherited)",
					"@executable_path/Frameworks",
				);
				PRODUCT_BUNDLE_IDENTIFIER = com.marlhex.MVVMRxSwift;
				PRODUCT_NAME = "$(TARGET_NAME)";
				SWIFT_VERSION = 5.0;
				TARGETED_DEVICE_FAMILY = "1,2";
			};
			name = Release;
		};
/* End XCBuildConfiguration section */

/* Begin XCConfigurationList section */
		A14534F525EB11C6001A311D /* Build configuration list for PBXProject "MVVMRxSwift" */ = {
			isa = XCConfigurationList;
			buildConfigurations = (
				A145350C25EB11C6001A311D /* Debug */,
				A145350D25EB11C6001A311D /* Release */,
			);
			defaultConfigurationIsVisible = 0;
			defaultConfigurationName = Release;
		};
		A145350E25EB11C6001A311D /* Build configuration list for PBXNativeTarget "MVVMRxSwift" */ = {
			isa = XCConfigurationList;
			buildConfigurations = (
				A145350F25EB11C6001A311D /* Debug */,
				A145351025EB11C6001A311D /* Release */,
			);
			defaultConfigurationIsVisible = 0;
			defaultConfigurationName = Release;
		};
/* End XCConfigurationList section */
	};
	rootObject = A14534F225EB11C6001A311D /* Project object */;
}
